
Microsoft Visual Studio Solution File, Format Version 12.00
# Visual Studio Version 16
VisualStudioVersion = 16.0.31025.194
MinimumVisualStudioVersion = 10.0.40219.1
Project("{FAE04EC0-301F-11D3-BF4B-00C04F79EFBC}") = "DIO_Projeto1", "DIO_Projeto1\DIO_Projeto1.csproj", "{C82F6D4C-EA3C-487F-9746-F35F55B898DD}"
EndProject
Global
	GlobalSection(SolutionConfigurationPlatforms) = preSolution
		Debug|Any CPU = Debug|Any CPU
		Release|Any CPU = Release|Any CPU
	EndGlobalSection
	GlobalSection(ProjectConfigurationPlatforms) = postSolution
		{C82F6D4C-EA3C-487F-9746-F35F55B898DD}.Debug|Any CPU.ActiveCfg = Debug|Any CPU
		{C82F6D4C-EA3C-487F-9746-F35F55B898DD}.Debug|Any CPU.Build.0 = Debug|Any CPU
		{C82F6D4C-EA3C-487F-9746-F35F55B898DD}.Release|Any CPU.ActiveCfg = Release|Any CPU
		{C82F6D4C-EA3C-487F-9746-F35F55B898DD}.Release|Any CPU.Build.0 = Release|Any CPU
	EndGlobalSection
	GlobalSection(SolutionProperties) = preSolution
		HideSolutionNode = FALSE
	EndGlobalSection
	GlobalSection(ExtensibilityGlobals) = postSolution
		SolutionGuid = {7E919FC6-2521-4518-84BA-9882EDD36D7D}
	EndGlobalSection
EndGlobal
