
Microsoft Visual Studio Solution File, Format Version 12.00
# Visual Studio Version 16
VisualStudioVersion = 16.0.31025.194
MinimumVisualStudioVersion = 10.0.40219.1
Project("{FAE04EC0-301F-11D3-BF4B-00C04F79EFBC}") = "DIO_Projeto2", "DIO_Projeto2\DIO_Projeto2.csproj", "{7C2D471B-2A74-41D5-8865-73E440338451}"
EndProject
Global
	GlobalSection(SolutionConfigurationPlatforms) = preSolution
		Debug|Any CPU = Debug|Any CPU
		Release|Any CPU = Release|Any CPU
	EndGlobalSection
	GlobalSection(ProjectConfigurationPlatforms) = postSolution
		{7C2D471B-2A74-41D5-8865-73E440338451}.Debug|Any CPU.ActiveCfg = Debug|Any CPU
		{7C2D471B-2A74-41D5-8865-73E440338451}.Debug|Any CPU.Build.0 = Debug|Any CPU
		{7C2D471B-2A74-41D5-8865-73E440338451}.Release|Any CPU.ActiveCfg = Release|Any CPU
		{7C2D471B-2A74-41D5-8865-73E440338451}.Release|Any CPU.Build.0 = Release|Any CPU
	EndGlobalSection
	GlobalSection(SolutionProperties) = preSolution
		HideSolutionNode = FALSE
	EndGlobalSection
	GlobalSection(ExtensibilityGlobals) = postSolution
		SolutionGuid = {D5F70D88-7F91-4393-AB9E-90431B3D6751}
	EndGlobalSection
EndGlobal
